// !$*UTF8*$!
{
	archiveVersion = 1;
	classes = {
	};
	objectVersion = 48;
	objects = {

/* Begin PBXBuildFile section */
		DA77A5501FCD8A49001CC5B9 /* PublicHeader.h in Headers */ = {isa = PBXBuildFile; fileRef = DA77A54E1FCD8A49001CC5B9 /* PublicHeader.h */; settings = {ATTRIBUTES = (Public, ); }; };
		DAB330BE1FCD8AB5006A31CC /* FixSketchTrackpadSpeed.h in Headers */ = {isa = PBXBuildFile; fileRef = DAB330BC1FCD8AB5006A31CC /* FixSketchTrackpadSpeed.h */; };
		DAB330BF1FCD8AB5006A31CC /* FixSketchTrackpadSpeed.m in Sources */ = {isa = PBXBuildFile; fileRef = DAB330BD1FCD8AB5006A31CC /* FixSketchTrackpadSpeed.m */; };
/* End PBXBuildFile section */

/* Begin PBXFileReference section */
		DA77A54B1FCD8A49001CC5B9 /* FixSketchTrackpadSpeed.framework */ = {isa = PBXFileReference; explicitFileType = wrapper.framework; includeInIndex = 0; path = FixSketchTrackpadSpeed.framework; sourceTree = BUILT_PRODUCTS_DIR; };
		DA77A54E1FCD8A49001CC5B9 /* PublicHeader.h */ = {isa = PBXFileReference; lastKnownFileType = sourcecode.c.h; path = PublicHeader.h; sourceTree = "<group>"; };
		DA77A54F1FCD8A49001CC5B9 /* Info.plist */ = {isa = PBXFileReference; lastKnownFileType = text.plist.xml; path = Info.plist; sourceTree = "<group>"; };
		DAB330BC1FCD8AB5006A31CC /* FixSketchTrackpadSpeed.h */ = {isa = PBXFileReference; lastKnownFileType = sourcecode.c.h; path = FixSketchTrackpadSpeed.h; sourceTree = "<group>"; };
		DAB330BD1FCD8AB5006A31CC /* FixSketchTrackpadSpeed.m */ = {isa = PBXFileReference; lastKnownFileType = sourcecode.c.objc; path = FixSketchTrackpadSpeed.m; sourceTree = "<group>"; };
/* End PBXFileReference section */

/* Begin PBXFrameworksBuildPhase section */
		DA77A5471FCD8A49001CC5B9 /* Frameworks */ = {
			isa = PBXFrameworksBuildPhase;
			buildActionMask = 2147483647;
			files = (
			);
			runOnlyForDeploymentPostprocessing = 0;
		};
/* End PBXFrameworksBuildPhase section */

/* Begin PBXGroup section */
		DA77A5411FCD8A49001CC5B9 = {
			isa = PBXGroup;
			children = (
				DA77A54D1FCD8A49001CC5B9 /* FixSketchTrackpadSpeed */,
				DA77A54C1FCD8A49001CC5B9 /* Products */,
			);
			sourceTree = "<group>";
		};
		DA77A54C1FCD8A49001CC5B9 /* Products */ = {
			isa = PBXGroup;
			children = (
				DA77A54B1FCD8A49001CC5B9 /* FixSketchTrackpadSpeed.framework */,
			);
			name = Products;
			sourceTree = "<group>";
		};
		DA77A54D1FCD8A49001CC5B9 /* FixSketchTrackpadSpeed */ = {
			isa = PBXGroup;
			children = (
				DA77A54E1FCD8A49001CC5B9 /* PublicHeader.h */,
				DA77A54F1FCD8A49001CC5B9 /* Info.plist */,
				DAB330BC1FCD8AB5006A31CC /* FixSketchTrackpadSpeed.h */,
				DAB330BD1FCD8AB5006A31CC /* FixSketchTrackpadSpeed.m */,
			);
			path = FixSketchTrackpadSpeed;
			sourceTree = "<group>";
		};
/* End PBXGroup section */

/* Begin PBXHeadersBuildPhase section */
		DA77A5481FCD8A49001CC5B9 /* Headers */ = {
			isa = PBXHeadersBuildPhase;
			buildActionMask = 2147483647;
			files = (
				DAB330BE1FCD8AB5006A31CC /* FixSketchTrackpadSpeed.h in Headers */,
				DA77A5501FCD8A49001CC5B9 /* PublicHeader.h in Headers */,
			);
			runOnlyForDeploymentPostprocessing = 0;
		};
/* End PBXHeadersBuildPhase section */

/* Begin PBXNativeTarget section */
		DA77A54A1FCD8A49001CC5B9 /* FixSketchTrackpadSpeed */ = {
			isa = PBXNativeTarget;
			buildConfigurationList = DA77A5531FCD8A49001CC5B9 /* Build configuration list for PBXNativeTarget "FixSketchTrackpadSpeed" */;
			buildPhases = (
				DA77A5461FCD8A49001CC5B9 /* Sources */,
				DA77A5471FCD8A49001CC5B9 /* Frameworks */,
				DA77A5481FCD8A49001CC5B9 /* Headers */,
				DA77A5491FCD8A49001CC5B9 /* Resources */,
			);
			buildRules = (
			);
			dependencies = (
			);
			name = FixSketchTrackpadSpeed;
			productName = FixSketchTrackpadSpeed;
			productReference = DA77A54B1FCD8A49001CC5B9 /* FixSketchTrackpadSpeed.framework */;
			productType = "com.apple.product-type.framework";
		};
/* End PBXNativeTarget section */

/* Begin PBXProject section */
		DA77A5421FCD8A49001CC5B9 /* Project object */ = {
			isa = PBXProject;
			attributes = {
				LastUpgradeCheck = 0910;
				ORGANIZATIONNAME = "Pravdomil Toman";
				TargetAttributes = {
					DA77A54A1FCD8A49001CC5B9 = {
						CreatedOnToolsVersion = 9.1;
						ProvisioningStyle = Automatic;
					};
				};
			};
			buildConfigurationList = DA77A5451FCD8A49001CC5B9 /* Build configuration list for PBXProject "FixSketchTrackpadSpeed" */;
			compatibilityVersion = "Xcode 8.0";
			developmentRegion = en;
			hasScannedForEncodings = 0;
			knownRegions = (
				en,
			);
			mainGroup = DA77A5411FCD8A49001CC5B9;
			productRefGroup = DA77A54C1FCD8A49001CC5B9 /* Products */;
			projectDirPath = "";
			projectRoot = "";
			targets = (
				DA77A54A1FCD8A49001CC5B9 /* FixSketchTrackpadSpeed */,
			);
		};
/* End PBXProject section */

/* Begin PBXResourcesBuildPhase section */
		DA77A5491FCD8A49001CC5B9 /* Resources */ = {
			isa = PBXResourcesBuildPhase;
			buildActionMask = 2147483647;
			files = (
			);
			runOnlyForDeploymentPostprocessing = 0;
		};
/* End PBXResourcesBuildPhase section */

/* Begin PBXSourcesBuildPhase section */
		DA77A5461FCD8A49001CC5B9 /* Sources */ = {
			isa = PBXSourcesBuildPhase;
			buildActionMask = 2147483647;
			files = (
				DAB330BF1FCD8AB5006A31CC /* FixSketchTrackpadSpeed.m in Sources */,
			);
			runOnlyForDeploymentPostprocessing = 0;
		};
/* End PBXSourcesBuildPhase section */

/* Begin XCBuildConfiguration section */
		DA77A5511FCD8A49001CC5B9 /* Debug */ = {
			isa = XCBuildConfiguration;
			buildSettings = {
				ALWAYS_SEARCH_USER_PATHS = NO;
				CLANG_ANALYZER_NONNULL = YES;
				CLANG_ANALYZER_NUMBER_OBJECT_CONVERSION = YES_AGGRESSIVE;
				CLANG_CXX_LANGUAGE_STANDARD = "gnu++14";
				CLANG_CXX_LIBRARY = "libc++";
				CLANG_ENABLE_MODULES = YES;
				CLANG_ENABLE_OBJC_ARC = YES;
				CLANG_WARN_BLOCK_CAPTURE_AUTORELEASING = YES;
				CLANG_WARN_BOOL_CONVERSION = YES;
				CLANG_WARN_COMMA = YES;
				CLANG_WARN_CONSTANT_CONVERSION = YES;
				CLANG_WARN_DIRECT_OBJC_ISA_USAGE = YES_ERROR;
				CLANG_WARN_DOCUMENTATION_COMMENTS = YES;
				CLANG_WARN_EMPTY_BODY = YES;
				CLANG_WARN_ENUM_CONVERSION = YES;
				CLANG_WARN_INFINITE_RECURSION = YES;
				CLANG_WARN_INT_CONVERSION = YES;
				CLANG_WARN_NON_LITERAL_NULL_CONVERSION = YES;
				CLANG_WARN_OBJC_LITERAL_CONVERSION = YES;
				CLANG_WARN_OBJC_ROOT_CLASS = YES_ERROR;
				CLANG_WARN_RANGE_LOOP_ANALYSIS = YES;
				CLANG_WARN_STRICT_PROTOTYPES = YES;
				CLANG_WARN_SUSPICIOUS_MOVE = YES;
				CLANG_WARN_UNGUARDED_AVAILABILITY = YES_AGGRESSIVE;
				CLANG_WARN_UNREACHABLE_CODE = YES;
				CLANG_WARN__DUPLICATE_METHOD_MATCH = YES;
				CODE_SIGN_IDENTITY = "-";
				COPY_PHASE_STRIP = NO;
				CURRENT_PROJECT_VERSION = 1;
				DEBUG_INFORMATION_FORMAT = dwarf;
				ENABLE_STRICT_OBJC_MSGSEND = YES;
				ENABLE_TESTABILITY = YES;
				GCC_C_LANGUAGE_STANDARD = gnu11;
				GCC_DYNAMIC_NO_PIC = NO;
				GCC_NO_COMMON_BLOCKS = YES;
				GCC_OPTIMIZATION_LEVEL = 0;
				GCC_PREPROCESSOR_DEFINITIONS = (
					"DEBUG=1",
					"$(inherited)",
				);
				GCC_WARN_64_TO_32_BIT_CONVERSION = YES;
				GCC_WARN_ABOUT_RETURN_TYPE = YES_ERROR;
				GCC_WARN_UNDECLARED_SELECTOR = YES;
				GCC_WARN_UNINITIALIZED_AUTOS = YES_AGGRESSIVE;
				GCC_WARN_UNUSED_FUNCTION = YES;
				GCC_WARN_UNUSED_VARIABLE = YES;
				MACOSX_DEPLOYMENT_TARGET = 10.13;
				MTL_ENABLE_DEBUG_INFO = YES;
				ONLY_ACTIVE_ARCH = YES;
				SDKROOT = macosx;
				VERSIONING_SYSTEM = "apple-generic";
				VERSION_INFO_PREFIX = "";
			};
			name = Debug;
		};
		DA77A5521FCD8A49001CC5B9 /* Release */ = {
			isa = XCBuildConfiguration;
			buildSettings = {
				ALWAYS_SEARCH_USER_PATHS = NO;
				CLANG_ANALYZER_NONNULL = YES;
				CLANG_ANALYZER_NUMBER_OBJECT_CONVERSION = YES_AGGRESSIVE;
				CLANG_CXX_LANGUAGE_STANDARD = "gnu++14";
				CLANG_CXX_LIBRARY = "libc++";
				CLANG_ENABLE_MODULES = YES;
				CLANG_ENABLE_OBJC_ARC = YES;
				CLANG_WARN_BLOCK_CAPTURE_AUTORELEASING = YES;
				CLANG_WARN_BOOL_CONVERSION = YES;
				CLANG_WARN_COMMA = YES;
				CLANG_WARN_CONSTANT_CONVERSION = YES;
				CLANG_WARN_DIRECT_OBJC_ISA_USAGE = YES_ERROR;
				CLANG_WARN_DOCUMENTATION_COMMENTS = YES;
				CLANG_WARN_EMPTY_BODY = YES;
				CLANG_WARN_ENUM_CONVERSION = YES;
				CLANG_WARN_INFINITE_RECURSION = YES;
				CLANG_WARN_INT_CONVERSION = YES;
				CLANG_WARN_NON_LITERAL_NULL_CONVERSION = YES;
				CLANG_WARN_OBJC_LITERAL_CONVERSION = YES;
				CLANG_WARN_OBJC_ROOT_CLASS = YES_ERROR;
				CLANG_WARN_RANGE_LOOP_ANALYSIS = YES;
				CLANG_WARN_STRICT_PROTOTYPES = YES;
				CLANG_WARN_SUSPICIOUS_MOVE = YES;
				CLANG_WARN_UNGUARDED_AVAILABILITY = YES_AGGRESSIVE;
				CLANG_WARN_UNREACHABLE_CODE = YES;
				CLANG_WARN__DUPLICATE_METHOD_MATCH = YES;
				CODE_SIGN_IDENTITY = "-";
				COPY_PHASE_STRIP = NO;
				CURRENT_PROJECT_VERSION = 1;
				DEBUG_INFORMATION_FORMAT = "dwarf-with-dsym";
				ENABLE_NS_ASSERTIONS = NO;
				ENABLE_STRICT_OBJC_MSGSEND = YES;
				GCC_C_LANGUAGE_STANDARD = gnu11;
				GCC_NO_COMMON_BLOCKS = YES;
				GCC_WARN_64_TO_32_BIT_CONVERSION = YES;
				GCC_WARN_ABOUT_RETURN_TYPE = YES_ERROR;
				GCC_WARN_UNDECLARED_SELECTOR = YES;
				GCC_WARN_UNINITIALIZED_AUTOS = YES_AGGRESSIVE;
				GCC_WARN_UNUSED_FUNCTION = YES;
				GCC_WARN_UNUSED_VARIABLE = YES;
				MACOSX_DEPLOYMENT_TARGET = 10.13;
				MTL_ENABLE_DEBUG_INFO = NO;
				SDKROOT = macosx;
				VERSIONING_SYSTEM = "apple-generic";
				VERSION_INFO_PREFIX = "";
			};
			name = Release;
		};
		DA77A5541FCD8A49001CC5B9 /* Debug */ = {
			isa = XCBuildConfiguration;
			buildSettings = {
				CODE_SIGN_IDENTITY = "";
				CODE_SIGN_STYLE = Automatic;
				COMBINE_HIDPI_IMAGES = YES;
				DEFINES_MODULE = YES;
				DYLIB_COMPATIBILITY_VERSION = 1;
				DYLIB_CURRENT_VERSION = 1;
				DYLIB_INSTALL_NAME_BASE = "@rpath";
				FRAMEWORK_VERSION = A;
				INFOPLIST_FILE = FixSketchTrackpadSpeed/Info.plist;
				INSTALL_PATH = "$(LOCAL_LIBRARY_DIR)/Frameworks";
				LD_RUNPATH_SEARCH_PATHS = "$(inherited) @executable_path/../Frameworks @loader_path/Frameworks";
				PRODUCT_BUNDLE_IDENTIFIER = pravdomil.FixSketchTrackpadSpeed;
				PRODUCT_NAME = "$(TARGET_NAME:c99extidentifier)";
				SKIP_INSTALL = YES;
			};
			name = Debug;
		};
		DA77A5551FCD8A49001CC5B9 /* Release */ = {
			isa = XCBuildConfiguration;
			buildSettings = {
				CODE_SIGN_IDENTITY = "";
				CODE_SIGN_STYLE = Automatic;
				COMBINE_HIDPI_IMAGES = YES;
				DEFINES_MODULE = YES;
				DYLIB_COMPATIBILITY_VERSION = 1;
				DYLIB_CURRENT_VERSION = 1;
				DYLIB_INSTALL_NAME_BASE = "@rpath";
				FRAMEWORK_VERSION = A;
				INFOPLIST_FILE = FixSketchTrackpadSpeed/Info.plist;
				INSTALL_PATH = "$(LOCAL_LIBRARY_DIR)/Frameworks";
				LD_RUNPATH_SEARCH_PATHS = "$(inherited) @executable_path/../Frameworks @loader_path/Frameworks";
				PRODUCT_BUNDLE_IDENTIFIER = pravdomil.FixSketchTrackpadSpeed;
				PRODUCT_NAME = "$(TARGET_NAME:c99extidentifier)";
				SKIP_INSTALL = YES;
			};
			name = Release;
		};
/* End XCBuildConfiguration section */

/* Begin XCConfigurationList section */
		DA77A5451FCD8A49001CC5B9 /* Build configuration list for PBXProject "FixSketchTrackpadSpeed" */ = {
			isa = XCConfigurationList;
			buildConfigurations = (
				DA77A5511FCD8A49001CC5B9 /* Debug */,
				DA77A5521FCD8A49001CC5B9 /* Release */,
			);
			defaultConfigurationIsVisible = 0;
			defaultConfigurationName = Release;
		};
		DA77A5531FCD8A49001CC5B9 /* Build configuration list for PBXNativeTarget "FixSketchTrackpadSpeed" */ = {
			isa = XCConfigurationList;
			buildConfigurations = (
				DA77A5541FCD8A49001CC5B9 /* Debug */,
				DA77A5551FCD8A49001CC5B9 /* Release */,
			);
			defaultConfigurationIsVisible = 0;
			defaultConfigurationName = Release;
		};
/* End XCConfigurationList section */
	};
	rootObject = DA77A5421FCD8A49001CC5B9 /* Project object */;
}
